// !$*UTF8*$!
{
	archiveVersion = 1;
	classes = {
	};
	objectVersion = 50;
	objects = {

/* Begin PBXBuildFile section */
		2E4AD5FB26D7A33D00EAA431 /* AppDelegate.swift in Sources */ = {isa = PBXBuildFile; fileRef = 2E4AD5FA26D7A33D00EAA431 /* AppDelegate.swift */; };
		2E4AD5FD26D7A33D00EAA431 /* SceneDelegate.swift in Sources */ = {isa = PBXBuildFile; fileRef = 2E4AD5FC26D7A33D00EAA431 /* SceneDelegate.swift */; };
		2E4AD5FF26D7A33D00EAA431 /* MainViewController.swift in Sources */ = {isa = PBXBuildFile; fileRef = 2E4AD5FE26D7A33D00EAA431 /* MainViewController.swift */; };
		2E4AD60526D7A33E00EAA431 /* WeatherApp.xcdatamodeld in Sources */ = {isa = PBXBuildFile; fileRef = 2E4AD60326D7A33D00EAA431 /* WeatherApp.xcdatamodeld */; };
		2E4AD60726D7A35500EAA431 /* Assets.xcassets in Resources */ = {isa = PBXBuildFile; fileRef = 2E4AD60626D7A35500EAA431 /* Assets.xcassets */; };
		2E4AD60A26D7A35500EAA431 /* LaunchScreen.storyboard in Resources */ = {isa = PBXBuildFile; fileRef = 2E4AD60826D7A35500EAA431 /* LaunchScreen.storyboard */; };
		2E4AD61426D7A61800EAA431 /* TabBarController.swift in Sources */ = {isa = PBXBuildFile; fileRef = 2E4AD61326D7A61800EAA431 /* TabBarController.swift */; };
		2E4AD61726D7F13A00EAA431 /* MainPresenter.swift in Sources */ = {isa = PBXBuildFile; fileRef = 2E4AD61626D7F13A00EAA431 /* MainPresenter.swift */; };
		2E4AD61926D7F14800EAA431 /* WeatherModel.swift in Sources */ = {isa = PBXBuildFile; fileRef = 2E4AD61826D7F14800EAA431 /* WeatherModel.swift */; };
		2E4AD61E26D7F85700EAA431 /* NetworkManager.swift in Sources */ = {isa = PBXBuildFile; fileRef = 2E4AD61D26D7F85700EAA431 /* NetworkManager.swift */; };
		2E4AD62026D7F90E00EAA431 /* Constants.swift in Sources */ = {isa = PBXBuildFile; fileRef = 2E4AD61F26D7F90E00EAA431 /* Constants.swift */; };
		2E4AD62226D7FFD500EAA431 /* LocationManager.swift in Sources */ = {isa = PBXBuildFile; fileRef = 2E4AD62126D7FFD500EAA431 /* LocationManager.swift */; };
		2E4AD62A26D813BE00EAA431 /* ForecastViewController.swift in Sources */ = {isa = PBXBuildFile; fileRef = 2E4AD62926D813BE00EAA431 /* ForecastViewController.swift */; };
		2E4AD62C26D818E700EAA431 /* UIView+Extensions.swift in Sources */ = {isa = PBXBuildFile; fileRef = 2E4AD62B26D818E700EAA431 /* UIView+Extensions.swift */; };
		2E4AD62E26D898CD00EAA431 /* LocationModel.swift in Sources */ = {isa = PBXBuildFile; fileRef = 2E4AD62D26D898CC00EAA431 /* LocationModel.swift */; };
/* End PBXBuildFile section */

/* Begin PBXFileReference section */
		2E4AD5F726D7A33D00EAA431 /* WeatherApp.app */ = {isa = PBXFileReference; explicitFileType = wrapper.application; includeInIndex = 0; path = WeatherApp.app; sourceTree = BUILT_PRODUCTS_DIR; };
		2E4AD5FA26D7A33D00EAA431 /* AppDelegate.swift */ = {isa = PBXFileReference; lastKnownFileType = sourcecode.swift; path = AppDelegate.swift; sourceTree = "<group>"; };
		2E4AD5FC26D7A33D00EAA431 /* SceneDelegate.swift */ = {isa = PBXFileReference; lastKnownFileType = sourcecode.swift; path = SceneDelegate.swift; sourceTree = "<group>"; };
		2E4AD5FE26D7A33D00EAA431 /* MainViewController.swift */ = {isa = PBXFileReference; lastKnownFileType = sourcecode.swift; path = MainViewController.swift; sourceTree = "<group>"; };
		2E4AD60426D7A33D00EAA431 /* WeatherApp.xcdatamodel */ = {isa = PBXFileReference; lastKnownFileType = wrapper.xcdatamodel; path = WeatherApp.xcdatamodel; sourceTree = "<group>"; };
		2E4AD60626D7A35500EAA431 /* Assets.xcassets */ = {isa = PBXFileReference; lastKnownFileType = folder.assetcatalog; path = Assets.xcassets; sourceTree = "<group>"; };
		2E4AD60926D7A35500EAA431 /* Base */ = {isa = PBXFileReference; lastKnownFileType = file.storyboard; name = Base; path = Base.lproj/LaunchScreen.storyboard; sourceTree = "<group>"; };
		2E4AD60B26D7A35500EAA431 /* Info.plist */ = {isa = PBXFileReference; lastKnownFileType = text.plist.xml; path = Info.plist; sourceTree = "<group>"; };
		2E4AD61326D7A61800EAA431 /* TabBarController.swift */ = {isa = PBXFileReference; lastKnownFileType = sourcecode.swift; path = TabBarController.swift; sourceTree = "<group>"; };
		2E4AD61626D7F13A00EAA431 /* MainPresenter.swift */ = {isa = PBXFileReference; lastKnownFileType = sourcecode.swift; path = MainPresenter.swift; sourceTree = "<group>"; };
		2E4AD61826D7F14800EAA431 /* WeatherModel.swift */ = {isa = PBXFileReference; lastKnownFileType = sourcecode.swift; path = WeatherModel.swift; sourceTree = "<group>"; };
		2E4AD61D26D7F85700EAA431 /* NetworkManager.swift */ = {isa = PBXFileReference; lastKnownFileType = sourcecode.swift; path = NetworkManager.swift; sourceTree = "<group>"; };
		2E4AD61F26D7F90E00EAA431 /* Constants.swift */ = {isa = PBXFileReference; lastKnownFileType = sourcecode.swift; path = Constants.swift; sourceTree = "<group>"; };
		2E4AD62126D7FFD500EAA431 /* LocationManager.swift */ = {isa = PBXFileReference; lastKnownFileType = sourcecode.swift; path = LocationManager.swift; sourceTree = "<group>"; };
		2E4AD62926D813BE00EAA431 /* ForecastViewController.swift */ = {isa = PBXFileReference; lastKnownFileType = sourcecode.swift; path = ForecastViewController.swift; sourceTree = "<group>"; };
		2E4AD62B26D818E700EAA431 /* UIView+Extensions.swift */ = {isa = PBXFileReference; lastKnownFileType = sourcecode.swift; path = "UIView+Extensions.swift"; sourceTree = "<group>"; };
		2E4AD62D26D898CC00EAA431 /* LocationModel.swift */ = {isa = PBXFileReference; lastKnownFileType = sourcecode.swift; path = LocationModel.swift; sourceTree = "<group>"; };
/* End PBXFileReference section */

/* Begin PBXFrameworksBuildPhase section */
		2E4AD5F426D7A33D00EAA431 /* Frameworks */ = {
			isa = PBXFrameworksBuildPhase;
			buildActionMask = 2147483647;
			files = (
			);
			runOnlyForDeploymentPostprocessing = 0;
		};
/* End PBXFrameworksBuildPhase section */

/* Begin PBXGroup section */
		2E4AD5EE26D7A33D00EAA431 = {
			isa = PBXGroup;
			children = (
				2E4AD5F926D7A33D00EAA431 /* WeatherApp */,
				2E4AD5F826D7A33D00EAA431 /* Products */,
			);
			sourceTree = "<group>";
		};
		2E4AD5F826D7A33D00EAA431 /* Products */ = {
			isa = PBXGroup;
			children = (
				2E4AD5F726D7A33D00EAA431 /* WeatherApp.app */,
			);
			name = Products;
			sourceTree = "<group>";
		};
		2E4AD5F926D7A33D00EAA431 /* WeatherApp */ = {
			isa = PBXGroup;
			children = (
				2E4AD62426D8136000EAA431 /* Extensions */,
				2E4AD62326D8134600EAA431 /* Manager */,
				2E4AD61226D7A5FA00EAA431 /* TabBarController */,
				2E4AD61526D7F0DF00EAA431 /* MainPage */,
				2E4AD62526D8138700EAA431 /* ForecastPage */,
				2E4AD60B26D7A35500EAA431 /* Info.plist */,
				2E4AD60326D7A33D00EAA431 /* WeatherApp.xcdatamodeld */,
				2E4AD61126D7A38800EAA431 /* Extra */,
			);
			path = WeatherApp;
			sourceTree = "<group>";
		};
		2E4AD61126D7A38800EAA431 /* Extra */ = {
			isa = PBXGroup;
			children = (
				2E4AD5FA26D7A33D00EAA431 /* AppDelegate.swift */,
				2E4AD5FC26D7A33D00EAA431 /* SceneDelegate.swift */,
				2E4AD60626D7A35500EAA431 /* Assets.xcassets */,
				2E4AD60826D7A35500EAA431 /* LaunchScreen.storyboard */,
			);
			path = Extra;
			sourceTree = "<group>";
		};
		2E4AD61226D7A5FA00EAA431 /* TabBarController */ = {
			isa = PBXGroup;
			children = (
				2E4AD61326D7A61800EAA431 /* TabBarController.swift */,
			);
			path = TabBarController;
			sourceTree = "<group>";
		};
		2E4AD61526D7F0DF00EAA431 /* MainPage */ = {
			isa = PBXGroup;
			children = (
				2E4AD61C26D7F16C00EAA431 /* View */,
				2E4AD61B26D7F15F00EAA431 /* Presenter */,
				2E4AD61A26D7F14D00EAA431 /* Model */,
			);
			path = MainPage;
			sourceTree = "<group>";
		};
		2E4AD61A26D7F14D00EAA431 /* Model */ = {
			isa = PBXGroup;
			children = (
				2E4AD61826D7F14800EAA431 /* WeatherModel.swift */,
				2E4AD62D26D898CC00EAA431 /* LocationModel.swift */,
			);
			path = Model;
			sourceTree = "<group>";
		};
		2E4AD61B26D7F15F00EAA431 /* Presenter */ = {
			isa = PBXGroup;
			children = (
				2E4AD61626D7F13A00EAA431 /* MainPresenter.swift */,
			);
			path = Presenter;
			sourceTree = "<group>";
		};
		2E4AD61C26D7F16C00EAA431 /* View */ = {
			isa = PBXGroup;
			children = (
				2E4AD5FE26D7A33D00EAA431 /* MainViewController.swift */,
			);
			path = View;
			sourceTree = "<group>";
		};
		2E4AD62326D8134600EAA431 /* Manager */ = {
			isa = PBXGroup;
			children = (
				2E4AD61D26D7F85700EAA431 /* NetworkManager.swift */,
				2E4AD62126D7FFD500EAA431 /* LocationManager.swift */,
			);
			path = Manager;
			sourceTree = "<group>";
		};
		2E4AD62426D8136000EAA431 /* Extensions */ = {
			isa = PBXGroup;
			children = (
				2E4AD61F26D7F90E00EAA431 /* Constants.swift */,
				2E4AD62B26D818E700EAA431 /* UIView+Extensions.swift */,
			);
			path = Extensions;
			sourceTree = "<group>";
		};
		2E4AD62526D8138700EAA431 /* ForecastPage */ = {
			isa = PBXGroup;
			children = (
				2E4AD62826D813AF00EAA431 /* View */,
				2E4AD62726D813A400EAA431 /* Presenter */,
				2E4AD62626D8139C00EAA431 /* Model */,
			);
			path = ForecastPage;
			sourceTree = "<group>";
		};
		2E4AD62626D8139C00EAA431 /* Model */ = {
			isa = PBXGroup;
			children = (
			);
			path = Model;
			sourceTree = "<group>";
		};
		2E4AD62726D813A400EAA431 /* Presenter */ = {
			isa = PBXGroup;
			children = (
			);
			path = Presenter;
			sourceTree = "<group>";
		};
		2E4AD62826D813AF00EAA431 /* View */ = {
			isa = PBXGroup;
			children = (
				2E4AD62926D813BE00EAA431 /* ForecastViewController.swift */,
			);
			path = View;
			sourceTree = "<group>";
		};
/* End PBXGroup section */

/* Begin PBXNativeTarget section */
		2E4AD5F626D7A33D00EAA431 /* WeatherApp */ = {
			isa = PBXNativeTarget;
			buildConfigurationList = 2E4AD60E26D7A35500EAA431 /* Build configuration list for PBXNativeTarget "WeatherApp" */;
			buildPhases = (
				2E4AD5F326D7A33D00EAA431 /* Sources */,
				2E4AD5F426D7A33D00EAA431 /* Frameworks */,
				2E4AD5F526D7A33D00EAA431 /* Resources */,
			);
			buildRules = (
			);
			dependencies = (
			);
			name = WeatherApp;
			productName = WeatherApp;
			productReference = 2E4AD5F726D7A33D00EAA431 /* WeatherApp.app */;
			productType = "com.apple.product-type.application";
		};
/* End PBXNativeTarget section */

/* Begin PBXProject section */
		2E4AD5EF26D7A33D00EAA431 /* Project object */ = {
			isa = PBXProject;
			attributes = {
				LastSwiftUpdateCheck = 1250;
				LastUpgradeCheck = 1250;
				TargetAttributes = {
					2E4AD5F626D7A33D00EAA431 = {
						CreatedOnToolsVersion = 12.5;
					};
				};
			};
			buildConfigurationList = 2E4AD5F226D7A33D00EAA431 /* Build configuration list for PBXProject "WeatherApp" */;
			compatibilityVersion = "Xcode 9.3";
			developmentRegion = en;
			hasScannedForEncodings = 0;
			knownRegions = (
				en,
				Base,
			);
			mainGroup = 2E4AD5EE26D7A33D00EAA431;
			productRefGroup = 2E4AD5F826D7A33D00EAA431 /* Products */;
			projectDirPath = "";
			projectRoot = "";
			targets = (
				2E4AD5F626D7A33D00EAA431 /* WeatherApp */,
			);
		};
/* End PBXProject section */

/* Begin PBXResourcesBuildPhase section */
		2E4AD5F526D7A33D00EAA431 /* Resources */ = {
			isa = PBXResourcesBuildPhase;
			buildActionMask = 2147483647;
			files = (
				2E4AD60A26D7A35500EAA431 /* LaunchScreen.storyboard in Resources */,
				2E4AD60726D7A35500EAA431 /* Assets.xcassets in Resources */,
			);
			runOnlyForDeploymentPostprocessing = 0;
		};
/* End PBXResourcesBuildPhase section */

/* Begin PBXSourcesBuildPhase section */
		2E4AD5F326D7A33D00EAA431 /* Sources */ = {
			isa = PBXSourcesBuildPhase;
			buildActionMask = 2147483647;
			files = (
				2E4AD60526D7A33E00EAA431 /* WeatherApp.xcdatamodeld in Sources */,
				2E4AD61726D7F13A00EAA431 /* MainPresenter.swift in Sources */,
				2E4AD62226D7FFD500EAA431 /* LocationManager.swift in Sources */,
				2E4AD5FF26D7A33D00EAA431 /* MainViewController.swift in Sources */,
				2E4AD61926D7F14800EAA431 /* WeatherModel.swift in Sources */,
				2E4AD61E26D7F85700EAA431 /* NetworkManager.swift in Sources */,
				2E4AD62C26D818E700EAA431 /* UIView+Extensions.swift in Sources */,
				2E4AD5FB26D7A33D00EAA431 /* AppDelegate.swift in Sources */,
				2E4AD61426D7A61800EAA431 /* TabBarController.swift in Sources */,
				2E4AD5FD26D7A33D00EAA431 /* SceneDelegate.swift in Sources */,
				2E4AD62E26D898CD00EAA431 /* LocationModel.swift in Sources */,
				2E4AD62026D7F90E00EAA431 /* Constants.swift in Sources */,
				2E4AD62A26D813BE00EAA431 /* ForecastViewController.swift in Sources */,
			);
			runOnlyForDeploymentPostprocessing = 0;
		};
/* End PBXSourcesBuildPhase section */

/* Begin PBXVariantGroup section */
		2E4AD60826D7A35500EAA431 /* LaunchScreen.storyboard */ = {
			isa = PBXVariantGroup;
			children = (
				2E4AD60926D7A35500EAA431 /* Base */,
			);
			name = LaunchScreen.storyboard;
			sourceTree = "<group>";
		};
/* End PBXVariantGroup section */

/* Begin XCBuildConfiguration section */
		2E4AD60C26D7A35500EAA431 /* Debug */ = {
			isa = XCBuildConfiguration;
			buildSettings = {
				ALWAYS_SEARCH_USER_PATHS = NO;
				CLANG_ANALYZER_NONNULL = YES;
				CLANG_ANALYZER_NUMBER_OBJECT_CONVERSION = YES_AGGRESSIVE;
				CLANG_CXX_LANGUAGE_STANDARD = "gnu++14";
				CLANG_CXX_LIBRARY = "libc++";
				CLANG_ENABLE_MODULES = YES;
				CLANG_ENABLE_OBJC_ARC = YES;
				CLANG_ENABLE_OBJC_WEAK = YES;
				CLANG_WARN_BLOCK_CAPTURE_AUTORELEASING = YES;
				CLANG_WARN_BOOL_CONVERSION = YES;
				CLANG_WARN_COMMA = YES;
				CLANG_WARN_CONSTANT_CONVERSION = YES;
				CLANG_WARN_DEPRECATED_OBJC_IMPLEMENTATIONS = YES;
				CLANG_WARN_DIRECT_OBJC_ISA_USAGE = YES_ERROR;
				CLANG_WARN_DOCUMENTATION_COMMENTS = YES;
				CLANG_WARN_EMPTY_BODY = YES;
				CLANG_WARN_ENUM_CONVERSION = YES;
				CLANG_WARN_INFINITE_RECURSION = YES;
				CLANG_WARN_INT_CONVERSION = YES;
				CLANG_WARN_NON_LITERAL_NULL_CONVERSION = YES;
				CLANG_WARN_OBJC_IMPLICIT_RETAIN_SELF = YES;
				CLANG_WARN_OBJC_LITERAL_CONVERSION = YES;
				CLANG_WARN_OBJC_ROOT_CLASS = YES_ERROR;
				CLANG_WARN_QUOTED_INCLUDE_IN_FRAMEWORK_HEADER = YES;
				CLANG_WARN_RANGE_LOOP_ANALYSIS = YES;
				CLANG_WARN_STRICT_PROTOTYPES = YES;
				CLANG_WARN_SUSPICIOUS_MOVE = YES;
				CLANG_WARN_UNGUARDED_AVAILABILITY = YES_AGGRESSIVE;
				CLANG_WARN_UNREACHABLE_CODE = YES;
				CLANG_WARN__DUPLICATE_METHOD_MATCH = YES;
				COPY_PHASE_STRIP = NO;
				DEBUG_INFORMATION_FORMAT = dwarf;
				ENABLE_STRICT_OBJC_MSGSEND = YES;
				ENABLE_TESTABILITY = YES;
				GCC_C_LANGUAGE_STANDARD = gnu11;
				GCC_DYNAMIC_NO_PIC = NO;
				GCC_NO_COMMON_BLOCKS = YES;
				GCC_OPTIMIZATION_LEVEL = 0;
				GCC_PREPROCESSOR_DEFINITIONS = (
					"DEBUG=1",
					"$(inherited)",
				);
				GCC_WARN_64_TO_32_BIT_CONVERSION = YES;
				GCC_WARN_ABOUT_RETURN_TYPE = YES_ERROR;
				GCC_WARN_UNDECLARED_SELECTOR = YES;
				GCC_WARN_UNINITIALIZED_AUTOS = YES_AGGRESSIVE;
				GCC_WARN_UNUSED_FUNCTION = YES;
				GCC_WARN_UNUSED_VARIABLE = YES;
				IPHONEOS_DEPLOYMENT_TARGET = 14.5;
				MTL_ENABLE_DEBUG_INFO = INCLUDE_SOURCE;
				MTL_FAST_MATH = YES;
				ONLY_ACTIVE_ARCH = YES;
				SDKROOT = iphoneos;
				SWIFT_ACTIVE_COMPILATION_CONDITIONS = DEBUG;
				SWIFT_OPTIMIZATION_LEVEL = "-Onone";
			};
			name = Debug;
		};
		2E4AD60D26D7A35500EAA431 /* Release */ = {
			isa = XCBuildConfiguration;
			buildSettings = {
				ALWAYS_SEARCH_USER_PATHS = NO;
				CLANG_ANALYZER_NONNULL = YES;
				CLANG_ANALYZER_NUMBER_OBJECT_CONVERSION = YES_AGGRESSIVE;
				CLANG_CXX_LANGUAGE_STANDARD = "gnu++14";
				CLANG_CXX_LIBRARY = "libc++";
				CLANG_ENABLE_MODULES = YES;
				CLANG_ENABLE_OBJC_ARC = YES;
				CLANG_ENABLE_OBJC_WEAK = YES;
				CLANG_WARN_BLOCK_CAPTURE_AUTORELEASING = YES;
				CLANG_WARN_BOOL_CONVERSION = YES;
				CLANG_WARN_COMMA = YES;
				CLANG_WARN_CONSTANT_CONVERSION = YES;
				CLANG_WARN_DEPRECATED_OBJC_IMPLEMENTATIONS = YES;
				CLANG_WARN_DIRECT_OBJC_ISA_USAGE = YES_ERROR;
				CLANG_WARN_DOCUMENTATION_COMMENTS = YES;
				CLANG_WARN_EMPTY_BODY = YES;
				CLANG_WARN_ENUM_CONVERSION = YES;
				CLANG_WARN_INFINITE_RECURSION = YES;
				CLANG_WARN_INT_CONVERSION = YES;
				CLANG_WARN_NON_LITERAL_NULL_CONVERSION = YES;
				CLANG_WARN_OBJC_IMPLICIT_RETAIN_SELF = YES;
				CLANG_WARN_OBJC_LITERAL_CONVERSION = YES;
				CLANG_WARN_OBJC_ROOT_CLASS = YES_ERROR;
				CLANG_WARN_QUOTED_INCLUDE_IN_FRAMEWORK_HEADER = YES;
				CLANG_WARN_RANGE_LOOP_ANALYSIS = YES;
				CLANG_WARN_STRICT_PROTOTYPES = YES;
				CLANG_WARN_SUSPICIOUS_MOVE = YES;
				CLANG_WARN_UNGUARDED_AVAILABILITY = YES_AGGRESSIVE;
				CLANG_WARN_UNREACHABLE_CODE = YES;
				CLANG_WARN__DUPLICATE_METHOD_MATCH = YES;
				COPY_PHASE_STRIP = NO;
				DEBUG_INFORMATION_FORMAT = "dwarf-with-dsym";
				ENABLE_NS_ASSERTIONS = NO;
				ENABLE_STRICT_OBJC_MSGSEND = YES;
				GCC_C_LANGUAGE_STANDARD = gnu11;
				GCC_NO_COMMON_BLOCKS = YES;
				GCC_WARN_64_TO_32_BIT_CONVERSION = YES;
				GCC_WARN_ABOUT_RETURN_TYPE = YES_ERROR;
				GCC_WARN_UNDECLARED_SELECTOR = YES;
				GCC_WARN_UNINITIALIZED_AUTOS = YES_AGGRESSIVE;
				GCC_WARN_UNUSED_FUNCTION = YES;
				GCC_WARN_UNUSED_VARIABLE = YES;
				IPHONEOS_DEPLOYMENT_TARGET = 14.5;
				MTL_ENABLE_DEBUG_INFO = NO;
				MTL_FAST_MATH = YES;
				SDKROOT = iphoneos;
				SWIFT_COMPILATION_MODE = wholemodule;
				SWIFT_OPTIMIZATION_LEVEL = "-O";
				VALIDATE_PRODUCT = YES;
			};
			name = Release;
		};
		2E4AD60F26D7A35500EAA431 /* Debug */ = {
			isa = XCBuildConfiguration;
			buildSettings = {
				ASSETCATALOG_COMPILER_APPICON_NAME = AppIcon;
				ASSETCATALOG_COMPILER_GLOBAL_ACCENT_COLOR_NAME = AccentColor;
				CODE_SIGN_STYLE = Automatic;
				DEVELOPMENT_TEAM = ZH73MN74G3;
				INFOPLIST_FILE = WeatherApp/Info.plist;
				IPHONEOS_DEPLOYMENT_TARGET = 12.1;
				LD_RUNPATH_SEARCH_PATHS = (
					"$(inherited)",
					"@executable_path/Frameworks",
				);
				PRODUCT_BUNDLE_IDENTIFIER = com.example.app.WeatherApp;
				PRODUCT_NAME = "$(TARGET_NAME)";
				SWIFT_VERSION = 5.0;
				TARGETED_DEVICE_FAMILY = 1;
			};
			name = Debug;
		};
		2E4AD61026D7A35500EAA431 /* Release */ = {
			isa = XCBuildConfiguration;
			buildSettings = {
				ASSETCATALOG_COMPILER_APPICON_NAME = AppIcon;
				ASSETCATALOG_COMPILER_GLOBAL_ACCENT_COLOR_NAME = AccentColor;
				CODE_SIGN_STYLE = Automatic;
				DEVELOPMENT_TEAM = ZH73MN74G3;
				INFOPLIST_FILE = WeatherApp/Info.plist;
				IPHONEOS_DEPLOYMENT_TARGET = 12.1;
				LD_RUNPATH_SEARCH_PATHS = (
					"$(inherited)",
					"@executable_path/Frameworks",
				);
				PRODUCT_BUNDLE_IDENTIFIER = com.example.app.WeatherApp;
				PRODUCT_NAME = "$(TARGET_NAME)";
				SWIFT_VERSION = 5.0;
				TARGETED_DEVICE_FAMILY = 1;
			};
			name = Release;
		};
/* End XCBuildConfiguration section */

/* Begin XCConfigurationList section */
		2E4AD5F226D7A33D00EAA431 /* Build configuration list for PBXProject "WeatherApp" */ = {
			isa = XCConfigurationList;
			buildConfigurations = (
				2E4AD60C26D7A35500EAA431 /* Debug */,
				2E4AD60D26D7A35500EAA431 /* Release */,
			);
			defaultConfigurationIsVisible = 0;
			defaultConfigurationName = Release;
		};
		2E4AD60E26D7A35500EAA431 /* Build configuration list for PBXNativeTarget "WeatherApp" */ = {
			isa = XCConfigurationList;
			buildConfigurations = (
				2E4AD60F26D7A35500EAA431 /* Debug */,
				2E4AD61026D7A35500EAA431 /* Release */,
			);
			defaultConfigurationIsVisible = 0;
			defaultConfigurationName = Release;
		};
/* End XCConfigurationList section */

/* Begin XCVersionGroup section */
		2E4AD60326D7A33D00EAA431 /* WeatherApp.xcdatamodeld */ = {
			isa = XCVersionGroup;
			children = (
				2E4AD60426D7A33D00EAA431 /* WeatherApp.xcdatamodel */,
			);
			currentVersion = 2E4AD60426D7A33D00EAA431 /* WeatherApp.xcdatamodel */;
			path = WeatherApp.xcdatamodeld;
			sourceTree = "<group>";
			versionGroupType = wrapper.xcdatamodel;
		};
/* End XCVersionGroup section */
	};
	rootObject = 2E4AD5EF26D7A33D00EAA431 /* Project object */;
}
